// !$*UTF8*$!
{
	archiveVersion = 1;
	classes = {
	};
	objectVersion = 48;
	objects = {

/* Begin PBXBuildFile section */
		76F583B93BEE53E7FA5099E4 /* Pods_Smack.framework in Frameworks */ = {isa = PBXBuildFile; fileRef = 24F886C403E49990EC929709 /* Pods_Smack.framework */; };
		B5112FAA1FB8FAA100E85CA9 /* CreateAccountVC.swift in Sources */ = {isa = PBXBuildFile; fileRef = B5112FA91FB8FAA100E85CA9 /* CreateAccountVC.swift */; };
		B5166CE61FB3F55D0036BF04 /* AppDelegate.swift in Sources */ = {isa = PBXBuildFile; fileRef = B5166CE51FB3F55D0036BF04 /* AppDelegate.swift */; };
		B5166CEB1FB3F55D0036BF04 /* Main.storyboard in Resources */ = {isa = PBXBuildFile; fileRef = B5166CE91FB3F55D0036BF04 /* Main.storyboard */; };
		B5166CED1FB3F55D0036BF04 /* Assets.xcassets in Resources */ = {isa = PBXBuildFile; fileRef = B5166CEC1FB3F55D0036BF04 /* Assets.xcassets */; };
		B5166CF01FB3F55D0036BF04 /* LaunchScreen.storyboard in Resources */ = {isa = PBXBuildFile; fileRef = B5166CEE1FB3F55D0036BF04 /* LaunchScreen.storyboard */; };
		B5166CFB1FB3FEFB0036BF04 /* SWRevealViewController.m in Sources */ = {isa = PBXBuildFile; fileRef = B5166CFA1FB3FEFB0036BF04 /* SWRevealViewController.m */; };
		B5166D001FB55C280036BF04 /* ChatVC.swift in Sources */ = {isa = PBXBuildFile; fileRef = B5166CFF1FB55C280036BF04 /* ChatVC.swift */; };
		B5166D021FB55C410036BF04 /* ChannelVC.swift in Sources */ = {isa = PBXBuildFile; fileRef = B5166D011FB55C410036BF04 /* ChannelVC.swift */; };
		B5166D041FB8CE070036BF04 /* GradientView.swift in Sources */ = {isa = PBXBuildFile; fileRef = B5166D031FB8CE070036BF04 /* GradientView.swift */; };
		B5166D071FB8DA900036BF04 /* Constants.swift in Sources */ = {isa = PBXBuildFile; fileRef = B5166D061FB8DA900036BF04 /* Constants.swift */; };
		B5166D091FB8E0A60036BF04 /* ButtonView.swift in Sources */ = {isa = PBXBuildFile; fileRef = B5166D081FB8E0A60036BF04 /* ButtonView.swift */; };
		B5166D0B1FB8EE450036BF04 /* LoginVC.swift in Sources */ = {isa = PBXBuildFile; fileRef = B5166D0A1FB8EE450036BF04 /* LoginVC.swift */; };
/* End PBXBuildFile section */

/* Begin PBXFileReference section */
		24F886C403E49990EC929709 /* Pods_Smack.framework */ = {isa = PBXFileReference; explicitFileType = wrapper.framework; includeInIndex = 0; path = Pods_Smack.framework; sourceTree = BUILT_PRODUCTS_DIR; };
		555178CEFF56FC17B1DF2CBF /* Pods-Smack.release.xcconfig */ = {isa = PBXFileReference; includeInIndex = 1; lastKnownFileType = text.xcconfig; name = "Pods-Smack.release.xcconfig"; path = "Pods/Target Support Files/Pods-Smack/Pods-Smack.release.xcconfig"; sourceTree = "<group>"; };
		9E691E0A4EED62913C3E6323 /* Pods-Smack.debug.xcconfig */ = {isa = PBXFileReference; includeInIndex = 1; lastKnownFileType = text.xcconfig; name = "Pods-Smack.debug.xcconfig"; path = "Pods/Target Support Files/Pods-Smack/Pods-Smack.debug.xcconfig"; sourceTree = "<group>"; };
		B5112FA91FB8FAA100E85CA9 /* CreateAccountVC.swift */ = {isa = PBXFileReference; lastKnownFileType = sourcecode.swift; path = CreateAccountVC.swift; sourceTree = "<group>"; };
		B5166CE21FB3F55D0036BF04 /* Smack.app */ = {isa = PBXFileReference; explicitFileType = wrapper.application; includeInIndex = 0; path = Smack.app; sourceTree = BUILT_PRODUCTS_DIR; };
		B5166CE51FB3F55D0036BF04 /* AppDelegate.swift */ = {isa = PBXFileReference; lastKnownFileType = sourcecode.swift; path = AppDelegate.swift; sourceTree = "<group>"; };
		B5166CEA1FB3F55D0036BF04 /* Base */ = {isa = PBXFileReference; lastKnownFileType = file.storyboard; name = Base; path = Base.lproj/Main.storyboard; sourceTree = "<group>"; };
		B5166CEC1FB3F55D0036BF04 /* Assets.xcassets */ = {isa = PBXFileReference; lastKnownFileType = folder.assetcatalog; path = Assets.xcassets; sourceTree = "<group>"; };
		B5166CEF1FB3F55D0036BF04 /* Base */ = {isa = PBXFileReference; lastKnownFileType = file.storyboard; name = Base; path = Base.lproj/LaunchScreen.storyboard; sourceTree = "<group>"; };
		B5166CF11FB3F55D0036BF04 /* Info.plist */ = {isa = PBXFileReference; lastKnownFileType = text.plist.xml; path = Info.plist; sourceTree = "<group>"; };
		B5166CF81FB3FEFA0036BF04 /* Smack-Bridging-Header.h */ = {isa = PBXFileReference; lastKnownFileType = sourcecode.c.h; path = "Smack-Bridging-Header.h"; sourceTree = "<group>"; };
		B5166CF91FB3FEFB0036BF04 /* SWRevealViewController.h */ = {isa = PBXFileReference; fileEncoding = 4; lastKnownFileType = sourcecode.c.h; path = SWRevealViewController.h; sourceTree = "<group>"; };
		B5166CFA1FB3FEFB0036BF04 /* SWRevealViewController.m */ = {isa = PBXFileReference; fileEncoding = 4; lastKnownFileType = sourcecode.c.objc; path = SWRevealViewController.m; sourceTree = "<group>"; };
		B5166CFF1FB55C280036BF04 /* ChatVC.swift */ = {isa = PBXFileReference; lastKnownFileType = sourcecode.swift; path = ChatVC.swift; sourceTree = "<group>"; };
		B5166D011FB55C410036BF04 /* ChannelVC.swift */ = {isa = PBXFileReference; lastKnownFileType = sourcecode.swift; path = ChannelVC.swift; sourceTree = "<group>"; };
		B5166D031FB8CE070036BF04 /* GradientView.swift */ = {isa = PBXFileReference; lastKnownFileType = sourcecode.swift; path = GradientView.swift; sourceTree = "<group>"; };
		B5166D061FB8DA900036BF04 /* Constants.swift */ = {isa = PBXFileReference; lastKnownFileType = sourcecode.swift; path = Constants.swift; sourceTree = "<group>"; };
		B5166D081FB8E0A60036BF04 /* ButtonView.swift */ = {isa = PBXFileReference; lastKnownFileType = sourcecode.swift; path = ButtonView.swift; sourceTree = "<group>"; };
		B5166D0A1FB8EE450036BF04 /* LoginVC.swift */ = {isa = PBXFileReference; lastKnownFileType = sourcecode.swift; path = LoginVC.swift; sourceTree = "<group>"; };
/* End PBXFileReference section */

/* Begin PBXFrameworksBuildPhase section */
		B5166CDF1FB3F55D0036BF04 /* Frameworks */ = {
			isa = PBXFrameworksBuildPhase;
			buildActionMask = 2147483647;
			files = (
				76F583B93BEE53E7FA5099E4 /* Pods_Smack.framework in Frameworks */,
			);
			runOnlyForDeploymentPostprocessing = 0;
		};
/* End PBXFrameworksBuildPhase section */

/* Begin PBXGroup section */
		027842BC89A0FD051661059A /* Pods */ = {
			isa = PBXGroup;
			children = (
				9E691E0A4EED62913C3E6323 /* Pods-Smack.debug.xcconfig */,
				555178CEFF56FC17B1DF2CBF /* Pods-Smack.release.xcconfig */,
			);
			name = Pods;
			sourceTree = "<group>";
		};
		A5D52EF7D32F11DEA738E799 /* Frameworks */ = {
			isa = PBXGroup;
			children = (
				24F886C403E49990EC929709 /* Pods_Smack.framework */,
			);
			name = Frameworks;
			sourceTree = "<group>";
		};
		B5166CD91FB3F55D0036BF04 = {
			isa = PBXGroup;
			children = (
				B5166CE41FB3F55D0036BF04 /* Smack */,
				B5166CE31FB3F55D0036BF04 /* Products */,
				027842BC89A0FD051661059A /* Pods */,
				A5D52EF7D32F11DEA738E799 /* Frameworks */,
			);
			sourceTree = "<group>";
		};
		B5166CE31FB3F55D0036BF04 /* Products */ = {
			isa = PBXGroup;
			children = (
				B5166CE21FB3F55D0036BF04 /* Smack.app */,
			);
			name = Products;
			sourceTree = "<group>";
		};
		B5166CE41FB3F55D0036BF04 /* Smack */ = {
			isa = PBXGroup;
			children = (
				B5166D051FB8DA7D0036BF04 /* Utilities */,
				B5166CFE1FB55C080036BF04 /* Model */,
				B5166CFD1FB55C030036BF04 /* View */,
				B5166CFC1FB55BFE0036BF04 /* Controller */,
				B5166CF71FB3FEDC0036BF04 /* Supporting Files */,
				B5166CE51FB3F55D0036BF04 /* AppDelegate.swift */,
				B5166CE91FB3F55D0036BF04 /* Main.storyboard */,
				B5166CEC1FB3F55D0036BF04 /* Assets.xcassets */,
				B5166CEE1FB3F55D0036BF04 /* LaunchScreen.storyboard */,
				B5166CF11FB3F55D0036BF04 /* Info.plist */,
			);
			path = Smack;
			sourceTree = "<group>";
		};
		B5166CF71FB3FEDC0036BF04 /* Supporting Files */ = {
			isa = PBXGroup;
			children = (
				B5166CF91FB3FEFB0036BF04 /* SWRevealViewController.h */,
				B5166CFA1FB3FEFB0036BF04 /* SWRevealViewController.m */,
				B5166CF81FB3FEFA0036BF04 /* Smack-Bridging-Header.h */,
			);
			path = "Supporting Files";
			sourceTree = "<group>";
		};
		B5166CFC1FB55BFE0036BF04 /* Controller */ = {
			isa = PBXGroup;
			children = (
				B5166CFF1FB55C280036BF04 /* ChatVC.swift */,
				B5166D011FB55C410036BF04 /* ChannelVC.swift */,
				B5166D0A1FB8EE450036BF04 /* LoginVC.swift */,
				B5112FA91FB8FAA100E85CA9 /* CreateAccountVC.swift */,
			);
			path = Controller;
			sourceTree = "<group>";
		};
		B5166CFD1FB55C030036BF04 /* View */ = {
			isa = PBXGroup;
			children = (
				B5166D031FB8CE070036BF04 /* GradientView.swift */,
				B5166D081FB8E0A60036BF04 /* ButtonView.swift */,
			);
			path = View;
			sourceTree = "<group>";
		};
		B5166CFE1FB55C080036BF04 /* Model */ = {
			isa = PBXGroup;
			children = (
			);
			path = Model;
			sourceTree = "<group>";
		};
		B5166D051FB8DA7D0036BF04 /* Utilities */ = {
			isa = PBXGroup;
			children = (
				B5166D061FB8DA900036BF04 /* Constants.swift */,
			);
			path = Utilities;
			sourceTree = "<group>";
		};
/* End PBXGroup section */

/* Begin PBXNativeTarget section */
		B5166CE11FB3F55D0036BF04 /* Smack */ = {
			isa = PBXNativeTarget;
			buildConfigurationList = B5166CF41FB3F55D0036BF04 /* Build configuration list for PBXNativeTarget "Smack" */;
			buildPhases = (
				35C7F13C851C1BAB6D84F85A /* [CP] Check Pods Manifest.lock */,
				B5166CDE1FB3F55D0036BF04 /* Sources */,
				B5166CDF1FB3F55D0036BF04 /* Frameworks */,
				B5166CE01FB3F55D0036BF04 /* Resources */,
				9348799AEF30FFD9ABE6952A /* [CP] Embed Pods Frameworks */,
				71F6944C42160C7CF02001D0 /* [CP] Copy Pods Resources */,
			);
			buildRules = (
			);
			dependencies = (
			);
			name = Smack;
			productName = Smack;
			productReference = B5166CE21FB3F55D0036BF04 /* Smack.app */;
			productType = "com.apple.product-type.application";
		};
/* End PBXNativeTarget section */

/* Begin PBXProject section */
		B5166CDA1FB3F55D0036BF04 /* Project object */ = {
			isa = PBXProject;
			attributes = {
				LastSwiftUpdateCheck = 0910;
				LastUpgradeCheck = 0910;
				ORGANIZATIONNAME = "Jefffrey Santana";
				TargetAttributes = {
					B5166CE11FB3F55D0036BF04 = {
						CreatedOnToolsVersion = 9.1;
						LastSwiftMigration = 0910;
						ProvisioningStyle = Automatic;
					};
				};
			};
			buildConfigurationList = B5166CDD1FB3F55D0036BF04 /* Build configuration list for PBXProject "Smack" */;
			compatibilityVersion = "Xcode 8.0";
			developmentRegion = en;
			hasScannedForEncodings = 0;
			knownRegions = (
				en,
				Base,
			);
			mainGroup = B5166CD91FB3F55D0036BF04;
			productRefGroup = B5166CE31FB3F55D0036BF04 /* Products */;
			projectDirPath = "";
			projectRoot = "";
			targets = (
				B5166CE11FB3F55D0036BF04 /* Smack */,
			);
		};
/* End PBXProject section */

/* Begin PBXResourcesBuildPhase section */
		B5166CE01FB3F55D0036BF04 /* Resources */ = {
			isa = PBXResourcesBuildPhase;
			buildActionMask = 2147483647;
			files = (
				B5166CF01FB3F55D0036BF04 /* LaunchScreen.storyboard in Resources */,
				B5166CED1FB3F55D0036BF04 /* Assets.xcassets in Resources */,
				B5166CEB1FB3F55D0036BF04 /* Main.storyboard in Resources */,
			);
			runOnlyForDeploymentPostprocessing = 0;
		};
/* End PBXResourcesBuildPhase section */

/* Begin PBXShellScriptBuildPhase section */
		35C7F13C851C1BAB6D84F85A /* [CP] Check Pods Manifest.lock */ = {
			isa = PBXShellScriptBuildPhase;
			buildActionMask = 2147483647;
			files = (
			);
			inputPaths = (
			);
			name = "[CP] Check Pods Manifest.lock";
			outputPaths = (
			);
			runOnlyForDeploymentPostprocessing = 0;
			shellPath = /bin/sh;
			shellScript = "diff \"${PODS_ROOT}/../Podfile.lock\" \"${PODS_ROOT}/Manifest.lock\" > /dev/null\nif [ $? != 0 ] ; then\n    # print error to STDERR\n    echo \"error: The sandbox is not in sync with the Podfile.lock. Run 'pod install' or update your CocoaPods installation.\" >&2\n    exit 1\nfi\n";
			showEnvVarsInLog = 0;
		};
		71F6944C42160C7CF02001D0 /* [CP] Copy Pods Resources */ = {
			isa = PBXShellScriptBuildPhase;
			buildActionMask = 2147483647;
			files = (
			);
			inputPaths = (
			);
			name = "[CP] Copy Pods Resources";
			outputPaths = (
			);
			runOnlyForDeploymentPostprocessing = 0;
			shellPath = /bin/sh;
			shellScript = "\"${SRCROOT}/Pods/Target Support Files/Pods-Smack/Pods-Smack-resources.sh\"\n";
			showEnvVarsInLog = 0;
		};
		9348799AEF30FFD9ABE6952A /* [CP] Embed Pods Frameworks */ = {
			isa = PBXShellScriptBuildPhase;
			buildActionMask = 2147483647;
			files = (
			);
			inputPaths = (
			);
			name = "[CP] Embed Pods Frameworks";
			outputPaths = (
			);
			runOnlyForDeploymentPostprocessing = 0;
			shellPath = /bin/sh;
			shellScript = "\"${SRCROOT}/Pods/Target Support Files/Pods-Smack/Pods-Smack-frameworks.sh\"\n";
			showEnvVarsInLog = 0;
		};
/* End PBXShellScriptBuildPhase section */

/* Begin PBXSourcesBuildPhase section */
		B5166CDE1FB3F55D0036BF04 /* Sources */ = {
			isa = PBXSourcesBuildPhase;
			buildActionMask = 2147483647;
			files = (
				B5166D021FB55C410036BF04 /* ChannelVC.swift in Sources */,
				B5166D001FB55C280036BF04 /* ChatVC.swift in Sources */,
				B5166D0B1FB8EE450036BF04 /* LoginVC.swift in Sources */,
				B5166D041FB8CE070036BF04 /* GradientView.swift in Sources */,
				B5166CE61FB3F55D0036BF04 /* AppDelegate.swift in Sources */,
				B5112FAA1FB8FAA100E85CA9 /* CreateAccountVC.swift in Sources */,
				B5166CFB1FB3FEFB0036BF04 /* SWRevealViewController.m in Sources */,
				B5166D071FB8DA900036BF04 /* Constants.swift in Sources */,
				B5166D091FB8E0A60036BF04 /* ButtonView.swift in Sources */,
			);
			runOnlyForDeploymentPostprocessing = 0;
		};
/* End PBXSourcesBuildPhase section */

/* Begin PBXVariantGroup section */
		B5166CE91FB3F55D0036BF04 /* Main.storyboard */ = {
			isa = PBXVariantGroup;
			children = (
				B5166CEA1FB3F55D0036BF04 /* Base */,
			);
			name = Main.storyboard;
			sourceTree = "<group>";
		};
		B5166CEE1FB3F55D0036BF04 /* LaunchScreen.storyboard */ = {
			isa = PBXVariantGroup;
			children = (
				B5166CEF1FB3F55D0036BF04 /* Base */,
			);
			name = LaunchScreen.storyboard;
			sourceTree = "<group>";
		};
/* End PBXVariantGroup section */

/* Begin XCBuildConfiguration section */
		B5166CF21FB3F55D0036BF04 /* Debug */ = {
			isa = XCBuildConfiguration;
			buildSettings = {
				ALWAYS_SEARCH_USER_PATHS = NO;
				CLANG_ANALYZER_NONNULL = YES;
				CLANG_ANALYZER_NUMBER_OBJECT_CONVERSION = YES_AGGRESSIVE;
				CLANG_CXX_LANGUAGE_STANDARD = "gnu++14";
				CLANG_CXX_LIBRARY = "libc++";
				CLANG_ENABLE_MODULES = YES;
				CLANG_ENABLE_OBJC_ARC = YES;
				CLANG_WARN_BLOCK_CAPTURE_AUTORELEASING = YES;
				CLANG_WARN_BOOL_CONVERSION = YES;
				CLANG_WARN_COMMA = YES;
				CLANG_WARN_CONSTANT_CONVERSION = YES;
				CLANG_WARN_DIRECT_OBJC_ISA_USAGE = YES_ERROR;
				CLANG_WARN_DOCUMENTATION_COMMENTS = YES;
				CLANG_WARN_EMPTY_BODY = YES;
				CLANG_WARN_ENUM_CONVERSION = YES;
				CLANG_WARN_INFINITE_RECURSION = YES;
				CLANG_WARN_INT_CONVERSION = YES;
				CLANG_WARN_NON_LITERAL_NULL_CONVERSION = YES;
				CLANG_WARN_OBJC_LITERAL_CONVERSION = YES;
				CLANG_WARN_OBJC_ROOT_CLASS = YES_ERROR;
				CLANG_WARN_RANGE_LOOP_ANALYSIS = YES;
				CLANG_WARN_STRICT_PROTOTYPES = YES;
				CLANG_WARN_SUSPICIOUS_MOVE = YES;
				CLANG_WARN_UNGUARDED_AVAILABILITY = YES_AGGRESSIVE;
				CLANG_WARN_UNREACHABLE_CODE = YES;
				CLANG_WARN__DUPLICATE_METHOD_MATCH = YES;
				CODE_SIGN_IDENTITY = "iPhone Developer";
				COPY_PHASE_STRIP = NO;
				DEBUG_INFORMATION_FORMAT = dwarf;
				ENABLE_STRICT_OBJC_MSGSEND = YES;
				ENABLE_TESTABILITY = YES;
				GCC_C_LANGUAGE_STANDARD = gnu11;
				GCC_DYNAMIC_NO_PIC = NO;
				GCC_NO_COMMON_BLOCKS = YES;
				GCC_OPTIMIZATION_LEVEL = 0;
				GCC_PREPROCESSOR_DEFINITIONS = (
					"DEBUG=1",
					"$(inherited)",
				);
				GCC_WARN_64_TO_32_BIT_CONVERSION = YES;
				GCC_WARN_ABOUT_RETURN_TYPE = YES_ERROR;
				GCC_WARN_UNDECLARED_SELECTOR = YES;
				GCC_WARN_UNINITIALIZED_AUTOS = YES_AGGRESSIVE;
				GCC_WARN_UNUSED_FUNCTION = YES;
				GCC_WARN_UNUSED_VARIABLE = YES;
				IPHONEOS_DEPLOYMENT_TARGET = 11.1;
				MTL_ENABLE_DEBUG_INFO = YES;
				ONLY_ACTIVE_ARCH = YES;
				SDKROOT = iphoneos;
				SWIFT_ACTIVE_COMPILATION_CONDITIONS = DEBUG;
				SWIFT_OPTIMIZATION_LEVEL = "-Onone";
			};
			name = Debug;
		};
		B5166CF31FB3F55D0036BF04 /* Release */ = {
			isa = XCBuildConfiguration;
			buildSettings = {
				ALWAYS_SEARCH_USER_PATHS = NO;
				CLANG_ANALYZER_NONNULL = YES;
				CLANG_ANALYZER_NUMBER_OBJECT_CONVERSION = YES_AGGRESSIVE;
				CLANG_CXX_LANGUAGE_STANDARD = "gnu++14";
				CLANG_CXX_LIBRARY = "libc++";
				CLANG_ENABLE_MODULES = YES;
				CLANG_ENABLE_OBJC_ARC = YES;
				CLANG_WARN_BLOCK_CAPTURE_AUTORELEASING = YES;
				CLANG_WARN_BOOL_CONVERSION = YES;
				CLANG_WARN_COMMA = YES;
				CLANG_WARN_CONSTANT_CONVERSION = YES;
				CLANG_WARN_DIRECT_OBJC_ISA_USAGE = YES_ERROR;
				CLANG_WARN_DOCUMENTATION_COMMENTS = YES;
				CLANG_WARN_EMPTY_BODY = YES;
				CLANG_WARN_ENUM_CONVERSION = YES;
				CLANG_WARN_INFINITE_RECURSION = YES;
				CLANG_WARN_INT_CONVERSION = YES;
				CLANG_WARN_NON_LITERAL_NULL_CONVERSION = YES;
				CLANG_WARN_OBJC_LITERAL_CONVERSION = YES;
				CLANG_WARN_OBJC_ROOT_CLASS = YES_ERROR;
				CLANG_WARN_RANGE_LOOP_ANALYSIS = YES;
				CLANG_WARN_STRICT_PROTOTYPES = YES;
				CLANG_WARN_SUSPICIOUS_MOVE = YES;
				CLANG_WARN_UNGUARDED_AVAILABILITY = YES_AGGRESSIVE;
				CLANG_WARN_UNREACHABLE_CODE = YES;
				CLANG_WARN__DUPLICATE_METHOD_MATCH = YES;
				CODE_SIGN_IDENTITY = "iPhone Developer";
				COPY_PHASE_STRIP = NO;
				DEBUG_INFORMATION_FORMAT = "dwarf-with-dsym";
				ENABLE_NS_ASSERTIONS = NO;
				ENABLE_STRICT_OBJC_MSGSEND = YES;
				GCC_C_LANGUAGE_STANDARD = gnu11;
				GCC_NO_COMMON_BLOCKS = YES;
				GCC_WARN_64_TO_32_BIT_CONVERSION = YES;
				GCC_WARN_ABOUT_RETURN_TYPE = YES_ERROR;
				GCC_WARN_UNDECLARED_SELECTOR = YES;
				GCC_WARN_UNINITIALIZED_AUTOS = YES_AGGRESSIVE;
				GCC_WARN_UNUSED_FUNCTION = YES;
				GCC_WARN_UNUSED_VARIABLE = YES;
				IPHONEOS_DEPLOYMENT_TARGET = 11.1;
				MTL_ENABLE_DEBUG_INFO = NO;
				SDKROOT = iphoneos;
				SWIFT_OPTIMIZATION_LEVEL = "-Owholemodule";
				VALIDATE_PRODUCT = YES;
			};
			name = Release;
		};
		B5166CF51FB3F55D0036BF04 /* Debug */ = {
			isa = XCBuildConfiguration;
			baseConfigurationReference = 9E691E0A4EED62913C3E6323 /* Pods-Smack.debug.xcconfig */;
			buildSettings = {
				ASSETCATALOG_COMPILER_APPICON_NAME = AppIcon;
				CLANG_ENABLE_MODULES = YES;
				CODE_SIGN_STYLE = Automatic;
				DEVELOPMENT_TEAM = PD94K2S3RY;
				INFOPLIST_FILE = Smack/Info.plist;
				LD_RUNPATH_SEARCH_PATHS = "$(inherited) @executable_path/Frameworks";
				PRODUCT_BUNDLE_IDENTIFIER = "Square-Built.Smack";
				PRODUCT_NAME = "$(TARGET_NAME)";
				SWIFT_OBJC_BRIDGING_HEADER = "Smack/Supporting Files/Smack-Bridging-Header.h";
				SWIFT_OPTIMIZATION_LEVEL = "-Onone";
				SWIFT_VERSION = 4.0;
				TARGETED_DEVICE_FAMILY = "1,2";
			};
			name = Debug;
		};
		B5166CF61FB3F55D0036BF04 /* Release */ = {
			isa = XCBuildConfiguration;
			baseConfigurationReference = 555178CEFF56FC17B1DF2CBF /* Pods-Smack.release.xcconfig */;
			buildSettings = {
				ASSETCATALOG_COMPILER_APPICON_NAME = AppIcon;
				CLANG_ENABLE_MODULES = YES;
				CODE_SIGN_STYLE = Automatic;
				DEVELOPMENT_TEAM = PD94K2S3RY;
				INFOPLIST_FILE = Smack/Info.plist;
				LD_RUNPATH_SEARCH_PATHS = "$(inherited) @executable_path/Frameworks";
				PRODUCT_BUNDLE_IDENTIFIER = "Square-Built.Smack";
				PRODUCT_NAME = "$(TARGET_NAME)";
				SWIFT_OBJC_BRIDGING_HEADER = "Smack/Supporting Files/Smack-Bridging-Header.h";
				SWIFT_VERSION = 4.0;
				TARGETED_DEVICE_FAMILY = "1,2";
			};
			name = Release;
		};
/* End XCBuildConfiguration section */

/* Begin XCConfigurationList section */
		B5166CDD1FB3F55D0036BF04 /* Build configuration list for PBXProject "Smack" */ = {
			isa = XCConfigurationList;
			buildConfigurations = (
				B5166CF21FB3F55D0036BF04 /* Debug */,
				B5166CF31FB3F55D0036BF04 /* Release */,
			);
			defaultConfigurationIsVisible = 0;
			defaultConfigurationName = Release;
		};
		B5166CF41FB3F55D0036BF04 /* Build configuration list for PBXNativeTarget "Smack" */ = {
			isa = XCConfigurationList;
			buildConfigurations = (
				B5166CF51FB3F55D0036BF04 /* Debug */,
				B5166CF61FB3F55D0036BF04 /* Release */,
			);
			defaultConfigurationIsVisible = 0;
			defaultConfigurationName = Release;
		};
/* End XCConfigurationList section */
	};
	rootObject = B5166CDA1FB3F55D0036BF04 /* Project object */;
}
